
Microsoft Visual Studio Solution File, Format Version 12.00
# Visual Studio 15
VisualStudioVersion = 15.0.26124.0
MinimumVisualStudioVersion = 15.0.26124.0
Project("{FAE04EC0-301F-11D3-BF4B-00C04F79EFBC}") = "console1", "console1\console1.csproj", "{3587AFA8-FEC8-4D4E-8FC9-984825B103CC}"
EndProject
Project("{FAE04EC0-301F-11D3-BF4B-00C04F79EFBC}") = "console2", "console2\console2.csproj", "{5D8D690D-B9F2-4AC1-BFCB-2BB2F26F6931}"
EndProject
Global
	GlobalSection(SolutionConfigurationPlatforms) = preSolution
		Debug|Any CPU = Debug|Any CPU
		Debug|x64 = Debug|x64
		Debug|x86 = Debug|x86
		Release|Any CPU = Release|Any CPU
		Release|x64 = Release|x64
		Release|x86 = Release|x86
	EndGlobalSection
	GlobalSection(SolutionProperties) = preSolution
		HideSolutionNode = FALSE
	EndGlobalSection
	GlobalSection(ProjectConfigurationPlatforms) = postSolution
		{3587AFA8-FEC8-4D4E-8FC9-984825B103CC}.Debug|Any CPU.ActiveCfg = Debug|Any CPU
		{3587AFA8-FEC8-4D4E-8FC9-984825B103CC}.Debug|Any CPU.Build.0 = Debug|Any CPU
		{3587AFA8-FEC8-4D4E-8FC9-984825B103CC}.Debug|x64.ActiveCfg = Debug|Any CPU
		{3587AFA8-FEC8-4D4E-8FC9-984825B103CC}.Debug|x64.Build.0 = Debug|Any CPU
		{3587AFA8-FEC8-4D4E-8FC9-984825B103CC}.Debug|x86.ActiveCfg = Debug|Any CPU
		{3587AFA8-FEC8-4D4E-8FC9-984825B103CC}.Debug|x86.Build.0 = Debug|Any CPU
		{3587AFA8-FEC8-4D4E-8FC9-984825B103CC}.Release|Any CPU.ActiveCfg = Release|Any CPU
		{3587AFA8-FEC8-4D4E-8FC9-984825B103CC}.Release|Any CPU.Build.0 = Release|Any CPU
		{3587AFA8-FEC8-4D4E-8FC9-984825B103CC}.Release|x64.ActiveCfg = Release|Any CPU
		{3587AFA8-FEC8-4D4E-8FC9-984825B103CC}.Release|x64.Build.0 = Release|Any CPU
		{3587AFA8-FEC8-4D4E-8FC9-984825B103CC}.Release|x86.ActiveCfg = Release|Any CPU
		{3587AFA8-FEC8-4D4E-8FC9-984825B103CC}.Release|x86.Build.0 = Release|Any CPU
		{5D8D690D-B9F2-4AC1-BFCB-2BB2F26F6931}.Debug|Any CPU.ActiveCfg = Debug|Any CPU
		{5D8D690D-B9F2-4AC1-BFCB-2BB2F26F6931}.Debug|Any CPU.Build.0 = Debug|Any CPU
		{5D8D690D-B9F2-4AC1-BFCB-2BB2F26F6931}.Debug|x64.ActiveCfg = Debug|Any CPU
		{5D8D690D-B9F2-4AC1-BFCB-2BB2F26F6931}.Debug|x64.Build.0 = Debug|Any CPU
		{5D8D690D-B9F2-4AC1-BFCB-2BB2F26F6931}.Debug|x86.ActiveCfg = Debug|Any CPU
		{5D8D690D-B9F2-4AC1-BFCB-2BB2F26F6931}.Debug|x86.Build.0 = Debug|Any CPU
		{5D8D690D-B9F2-4AC1-BFCB-2BB2F26F6931}.Release|Any CPU.ActiveCfg = Release|Any CPU
		{5D8D690D-B9F2-4AC1-BFCB-2BB2F26F6931}.Release|Any CPU.Build.0 = Release|Any CPU
		{5D8D690D-B9F2-4AC1-BFCB-2BB2F26F6931}.Release|x64.ActiveCfg = Release|Any CPU
		{5D8D690D-B9F2-4AC1-BFCB-2BB2F26F6931}.Release|x64.Build.0 = Release|Any CPU
		{5D8D690D-B9F2-4AC1-BFCB-2BB2F26F6931}.Release|x86.ActiveCfg = Release|Any CPU
		{5D8D690D-B9F2-4AC1-BFCB-2BB2F26F6931}.Release|x86.Build.0 = Release|Any CPU
	EndGlobalSection
EndGlobal
